
Microsoft Visual Studio Solution File, Format Version 12.00
# Visual Studio 14
VisualStudioVersion = 14.0.25420.1
MinimumVisualStudioVersion = 10.0.40219.1
Project("{2150E333-8FDC-42A3-9474-1A3956D46DE8}") = "Tests", "Tests", "{20923E81-0833-44C8-8EE5-E9297B9C0E7F}"
EndProject
Project("{2150E333-8FDC-42A3-9474-1A3956D46DE8}") = "Solution Items", "Solution Items", "{F2946475-3209-4CDF-BEFB-66C6C1A0E1C0}"
	ProjectSection(SolutionItems) = preProject
		.gitignore = .gitignore
		readme.md = readme.md
		todo.md = todo.md
	EndProjectSection
EndProject
Project("{FAE04EC0-301F-11D3-BF4B-00C04F79EFBC}") = "LoonieTrader.TestApp", "LoonieTrader.TestApp\LoonieTrader.TestApp.csproj", "{C9B926E0-7066-4CDF-8D03-1472D8CB4412}"
EndProject
Project("{FAE04EC0-301F-11D3-BF4B-00C04F79EFBC}") = "LoonieTrader.App", "LoonieTrader.App\LoonieTrader.App.csproj", "{1F27DB4F-A869-4F60-9233-DB1856722817}"
EndProject
Project("{FAE04EC0-301F-11D3-BF4B-00C04F79EFBC}") = "LoonieTrader.Library.Tests", "LoonieTrader.Library.Tests\LoonieTrader.Library.Tests.csproj", "{0F1DBA22-02B2-4D76-818C-C8EBCD133887}"
EndProject
Project("{FAE04EC0-301F-11D3-BF4B-00C04F79EFBC}") = "LoonieTrader.Library", "LoonieTrader.Library\LoonieTrader.Library.csproj", "{442E127C-5965-4377-894F-2464C2F340DA}"
EndProject
Project("{2150E333-8FDC-42A3-9474-1A3956D46DE8}") = "Indicators", "Indicators", "{23447CE6-B79D-4CA4-8BF5-F329C49D7C87}"
EndProject
Project("{2150E333-8FDC-42A3-9474-1A3956D46DE8}") = "Algos", "Algos", "{5E69A894-5AA1-4BC3-816A-C01224E96304}"
EndProject
Project("{2150E333-8FDC-42A3-9474-1A3956D46DE8}") = "Demo", "Demo", "{C768E1C4-66B1-4133-9390-CEE94B475022}"
EndProject
Project("{2150E333-8FDC-42A3-9474-1A3956D46DE8}") = "Demo", "Demo", "{0E63653C-33BD-4AE8-9C12-8E6B33CF184D}"
EndProject
Project("{FAE04EC0-301F-11D3-BF4B-00C04F79EFBC}") = "LoonieTrader.Shared", "LoonieTrader.Shared\LoonieTrader.Shared.csproj", "{F368EB3E-6BF2-46CF-BCAE-CB365F4365D0}"
EndProject
Project("{FAE04EC0-301F-11D3-BF4B-00C04F79EFBC}") = "DemoAlgo", "Algos\DemoAlgo\DemoAlgo.csproj", "{FFE5A78F-2004-4316-892F-BB48D1E2F95B}"
EndProject
Project("{FAE04EC0-301F-11D3-BF4B-00C04F79EFBC}") = "DemoLaggingIndicator", "Indicators\DemoLaggingIndicator\DemoLaggingIndicator.csproj", "{CC7E6B7A-C86C-4E50-BB45-77C4D9B31771}"
EndProject
Project("{FAE04EC0-301F-11D3-BF4B-00C04F79EFBC}") = "DemoLeadingIndicator", "Indicators\DemoLeadingIndicator\DemoLeadingIndicator.csproj", "{28FE10C7-FE7E-47A7-A37A-83E32E7881D6}"
EndProject
Project("{FAE04EC0-301F-11D3-BF4B-00C04F79EFBC}") = "DemoAlgo.Tests", "Algos\DemoAlgo.Tests\DemoAlgo.Tests.csproj", "{B9F6536B-C34C-4E5C-93C5-547AF882FF4B}"
EndProject
Project("{FAE04EC0-301F-11D3-BF4B-00C04F79EFBC}") = "DemoLeadingIndicator.Tests", "Indicators\DemoLeadingIndicator.Tests\DemoLeadingIndicator.Tests.csproj", "{F2B8DC11-E5BF-486C-9966-3AE01DE3A777}"
EndProject
Project("{FAE04EC0-301F-11D3-BF4B-00C04F79EFBC}") = "DemoLaggingIndicator.Tests", "Indicators\DemoLaggingIndicator.Tests\DemoLaggingIndicator.Tests.csproj", "{E65B73C1-0733-4969-A2CC-266CF817529B}"
EndProject
Global
	GlobalSection(SolutionConfigurationPlatforms) = preSolution
		Debug|Any CPU = Debug|Any CPU
		Release|Any CPU = Release|Any CPU
	EndGlobalSection
	GlobalSection(ProjectConfigurationPlatforms) = postSolution
		{C9B926E0-7066-4CDF-8D03-1472D8CB4412}.Debug|Any CPU.ActiveCfg = Debug|Any CPU
		{C9B926E0-7066-4CDF-8D03-1472D8CB4412}.Debug|Any CPU.Build.0 = Debug|Any CPU
		{C9B926E0-7066-4CDF-8D03-1472D8CB4412}.Release|Any CPU.ActiveCfg = Release|Any CPU
		{C9B926E0-7066-4CDF-8D03-1472D8CB4412}.Release|Any CPU.Build.0 = Release|Any CPU
		{1F27DB4F-A869-4F60-9233-DB1856722817}.Debug|Any CPU.ActiveCfg = Debug|Any CPU
		{1F27DB4F-A869-4F60-9233-DB1856722817}.Debug|Any CPU.Build.0 = Debug|Any CPU
		{1F27DB4F-A869-4F60-9233-DB1856722817}.Release|Any CPU.ActiveCfg = Release|Any CPU
		{1F27DB4F-A869-4F60-9233-DB1856722817}.Release|Any CPU.Build.0 = Release|Any CPU
		{0F1DBA22-02B2-4D76-818C-C8EBCD133887}.Debug|Any CPU.ActiveCfg = Debug|Any CPU
		{0F1DBA22-02B2-4D76-818C-C8EBCD133887}.Debug|Any CPU.Build.0 = Debug|Any CPU
		{0F1DBA22-02B2-4D76-818C-C8EBCD133887}.Release|Any CPU.ActiveCfg = Release|Any CPU
		{0F1DBA22-02B2-4D76-818C-C8EBCD133887}.Release|Any CPU.Build.0 = Release|Any CPU
		{442E127C-5965-4377-894F-2464C2F340DA}.Debug|Any CPU.ActiveCfg = Debug|Any CPU
		{442E127C-5965-4377-894F-2464C2F340DA}.Debug|Any CPU.Build.0 = Debug|Any CPU
		{442E127C-5965-4377-894F-2464C2F340DA}.Release|Any CPU.ActiveCfg = Release|Any CPU
		{442E127C-5965-4377-894F-2464C2F340DA}.Release|Any CPU.Build.0 = Release|Any CPU
		{F368EB3E-6BF2-46CF-BCAE-CB365F4365D0}.Debug|Any CPU.ActiveCfg = Debug|Any CPU
		{F368EB3E-6BF2-46CF-BCAE-CB365F4365D0}.Debug|Any CPU.Build.0 = Debug|Any CPU
		{F368EB3E-6BF2-46CF-BCAE-CB365F4365D0}.Release|Any CPU.ActiveCfg = Release|Any CPU
		{F368EB3E-6BF2-46CF-BCAE-CB365F4365D0}.Release|Any CPU.Build.0 = Release|Any CPU
		{FFE5A78F-2004-4316-892F-BB48D1E2F95B}.Debug|Any CPU.ActiveCfg = Debug|Any CPU
		{FFE5A78F-2004-4316-892F-BB48D1E2F95B}.Debug|Any CPU.Build.0 = Debug|Any CPU
		{FFE5A78F-2004-4316-892F-BB48D1E2F95B}.Release|Any CPU.ActiveCfg = Release|Any CPU
		{FFE5A78F-2004-4316-892F-BB48D1E2F95B}.Release|Any CPU.Build.0 = Release|Any CPU
		{CC7E6B7A-C86C-4E50-BB45-77C4D9B31771}.Debug|Any CPU.ActiveCfg = Debug|Any CPU
		{CC7E6B7A-C86C-4E50-BB45-77C4D9B31771}.Debug|Any CPU.Build.0 = Debug|Any CPU
		{CC7E6B7A-C86C-4E50-BB45-77C4D9B31771}.Release|Any CPU.ActiveCfg = Release|Any CPU
		{CC7E6B7A-C86C-4E50-BB45-77C4D9B31771}.Release|Any CPU.Build.0 = Release|Any CPU
		{28FE10C7-FE7E-47A7-A37A-83E32E7881D6}.Debug|Any CPU.ActiveCfg = Debug|Any CPU
		{28FE10C7-FE7E-47A7-A37A-83E32E7881D6}.Debug|Any CPU.Build.0 = Debug|Any CPU
		{28FE10C7-FE7E-47A7-A37A-83E32E7881D6}.Release|Any CPU.ActiveCfg = Release|Any CPU
		{28FE10C7-FE7E-47A7-A37A-83E32E7881D6}.Release|Any CPU.Build.0 = Release|Any CPU
		{B9F6536B-C34C-4E5C-93C5-547AF882FF4B}.Debug|Any CPU.ActiveCfg = Debug|Any CPU
		{B9F6536B-C34C-4E5C-93C5-547AF882FF4B}.Debug|Any CPU.Build.0 = Debug|Any CPU
		{B9F6536B-C34C-4E5C-93C5-547AF882FF4B}.Release|Any CPU.ActiveCfg = Release|Any CPU
		{B9F6536B-C34C-4E5C-93C5-547AF882FF4B}.Release|Any CPU.Build.0 = Release|Any CPU
		{F2B8DC11-E5BF-486C-9966-3AE01DE3A777}.Debug|Any CPU.ActiveCfg = Debug|Any CPU
		{F2B8DC11-E5BF-486C-9966-3AE01DE3A777}.Debug|Any CPU.Build.0 = Debug|Any CPU
		{F2B8DC11-E5BF-486C-9966-3AE01DE3A777}.Release|Any CPU.ActiveCfg = Release|Any CPU
		{F2B8DC11-E5BF-486C-9966-3AE01DE3A777}.Release|Any CPU.Build.0 = Release|Any CPU
		{E65B73C1-0733-4969-A2CC-266CF817529B}.Debug|Any CPU.ActiveCfg = Debug|Any CPU
		{E65B73C1-0733-4969-A2CC-266CF817529B}.Debug|Any CPU.Build.0 = Debug|Any CPU
		{E65B73C1-0733-4969-A2CC-266CF817529B}.Release|Any CPU.ActiveCfg = Release|Any CPU
		{E65B73C1-0733-4969-A2CC-266CF817529B}.Release|Any CPU.Build.0 = Release|Any CPU
	EndGlobalSection
	GlobalSection(SolutionProperties) = preSolution
		HideSolutionNode = FALSE
	EndGlobalSection
	GlobalSection(NestedProjects) = preSolution
		{C9B926E0-7066-4CDF-8D03-1472D8CB4412} = {20923E81-0833-44C8-8EE5-E9297B9C0E7F}
		{0F1DBA22-02B2-4D76-818C-C8EBCD133887} = {20923E81-0833-44C8-8EE5-E9297B9C0E7F}
		{C768E1C4-66B1-4133-9390-CEE94B475022} = {5E69A894-5AA1-4BC3-816A-C01224E96304}
		{0E63653C-33BD-4AE8-9C12-8E6B33CF184D} = {23447CE6-B79D-4CA4-8BF5-F329C49D7C87}
		{FFE5A78F-2004-4316-892F-BB48D1E2F95B} = {C768E1C4-66B1-4133-9390-CEE94B475022}
		{CC7E6B7A-C86C-4E50-BB45-77C4D9B31771} = {0E63653C-33BD-4AE8-9C12-8E6B33CF184D}
		{28FE10C7-FE7E-47A7-A37A-83E32E7881D6} = {0E63653C-33BD-4AE8-9C12-8E6B33CF184D}
		{B9F6536B-C34C-4E5C-93C5-547AF882FF4B} = {C768E1C4-66B1-4133-9390-CEE94B475022}
		{F2B8DC11-E5BF-486C-9966-3AE01DE3A777} = {0E63653C-33BD-4AE8-9C12-8E6B33CF184D}
		{E65B73C1-0733-4969-A2CC-266CF817529B} = {0E63653C-33BD-4AE8-9C12-8E6B33CF184D}
	EndGlobalSection
EndGlobal
